{
  "pins" : [
    {
      "identity" : "bigint",
      "kind" : "remoteSourceControl",
      "location" : "https://github.com/attaswift/BigInt.git",
      "state" : {
        "revision" : "0ed110f7555c34ff468e72e1686e59721f2b0da6",
        "version" : "5.3.0"
      }
    },
    {
      "identity" : "blockchain-sdk-swift",
      "kind" : "remoteSourceControl",
      "location" : "https://github.com/cryptoner-space/blockchain-sdk-swift.git",
      "state" : {
        "branch" : "main",
        "revision" : "b445172aedaee66f2fbcea6b2b46b472931bef43"
      }
    }
  ],
  "version" : 2
}
